
Microsoft Visual Studio Solution File, Format Version 12.00
# Visual Studio Version 16
VisualStudioVersion = 16.0.32413.511
MinimumVisualStudioVersion = 10.0.40219.1
Project("{9A19103F-16F7-4668-BE54-9A1E7A4F7556}") = "Teltonika", "Teltonika.csproj", "{A863A1C4-0478-411C-A53C-F9014084592B}"
EndProject
Global
	GlobalSection(SolutionConfigurationPlatforms) = preSolution
		Debug|Any CPU = Debug|Any CPU
		Release|Any CPU = Release|Any CPU
	EndGlobalSection
	GlobalSection(ProjectConfigurationPlatforms) = postSolution
		{A863A1C4-0478-411C-A53C-F9014084592B}.Debug|Any CPU.ActiveCfg = Debug|Any CPU
		{A863A1C4-0478-411C-A53C-F9014084592B}.Debug|Any CPU.Build.0 = Debug|Any CPU
		{A863A1C4-0478-411C-A53C-F9014084592B}.Release|Any CPU.ActiveCfg = Release|Any CPU
		{A863A1C4-0478-411C-A53C-F9014084592B}.Release|Any CPU.Build.0 = Release|Any CPU
	EndGlobalSection
	GlobalSection(SolutionProperties) = preSolution
		HideSolutionNode = FALSE
	EndGlobalSection
	GlobalSection(ExtensibilityGlobals) = postSolution
		SolutionGuid = {2529310C-4444-4F42-A4F0-56FAFFBE674C}
	EndGlobalSection
EndGlobal
